{
  "name": "quorum",
  "version": "0.0.0",
  "lockfileVersion": 3,
  "requires": true,
  "packages": {
    "": {
      "name": "quorum",
      "version": "0.0.0",
      "license": "BUSL-1.1",
      "dependencies": {
        "@aws-sdk/client-dynamodb": "^3.1136.0",
        "@aws-sdk/lib-dynamodb": "^3.1136.0",
        "ws": "^8.21.3"
      },
      "devDependencies": {
        "@carbon/web-components": "2.64.0",
        "@types/node": "^22.10.2",
        "@types/ws": "^8.18.1",
        "typescript": "^5.7.2"
      },
      "engines": {
        "node": ">=22"
      }
    },
    "node_modules/@aws-sdk/client-dynamodb": {
      "version": "3.1136.0",
      "resolved": "https://registry.npmjs.org/@aws-sdk/client-dynamodb/-/client-dynamodb-3.1136.0.tgz",
      "integrity": "sha512-EEgixP37uQV7UqFxl1JaWGYA7QQeeP0yKSN5uCkAbNw9gBifGGk2cqm8qt1Mz+kzw0OwpL8W445R1UT+RTRBhA==",
      "license": "Apache-2.0",
      "dependencies": {
        "@aws-sdk/core": "^3.978.0",
        "@aws-sdk/credential-provider-node": "^3.972.83",
        "@aws-sdk/dynamodb-codec": "^3.973.45",
        "@aws-sdk/middleware-endpoint-discovery": "^3.972.30",
        "@aws-sdk/types": "^3.974.5",
        "@smithy/core": "^3.33.3",
        "@smithy/fetch-http-handler": "^5.7.2",
        "@smithy/node-http-handler": "^4.11.3",
        "@smithy/types": "^4.17.2",
        "tslib": "^2.6.2"
      },
      "engines": {
        "node": ">=20.0.0"
      }
    },
    "node_modules/@aws-sdk/core": {
      "version": "3.978.0",
      "resolved": "https://registry.npmjs.org/@aws-sdk/core/-/core-3.978.0.tgz",
      "integrity": "sha512-2yX9LUmxPklVjSGTb8dfnWRJSiFQ3TeH2nn7G1mdKHTfnabzF0+gfrS8rYfLWmZrQ8A3mEcxMJjRc51dL5KWaA==",
      "license": "Apache-2.0",
      "dependencies": {
        "@aws-sdk/types": "^3.974.5",
        "@aws-sdk/xml-builder": "^3.972.40",
        "@aws/lambda-invoke-store": "^0.3.0",
        "@smithy/core": "^3.33.3",
        "@smithy/signature-v4": "^5.6.12",
        "@smithy/types": "^4.17.2",
        "bowser": "^2.11.0",
        "tslib": "^2.6.2"
      },
      "engines": {
        "node": ">=20.0.0"
      }
    },
    "node_modules/@aws-sdk/credential-provider-env": {
      "version": "3.972.71",
      "resolved": "https://registry.npmjs.org/@aws-sdk/credential-provider-env/-/credential-provider-env-3.972.71.tgz",
      "integrity": "sha512-JN+JHruYZw3GUZB8YGAlDk4wTDPOEAEEdEzj5nS0xodWR4smzHsN7PnK2j6IeOsDIj2aqua5DSbhXl9Gtf90FQ==",
      "license": "Apache-2.0",
      "dependencies": {
        "@aws-sdk/core": "^3.978.0",
        "@aws-sdk/types": "^3.974.5",
        "@smithy/core": "^3.33.3",
        "@smithy/types": "^4.17.2",
        "tslib": "^2.6.2"
      },
      "engines": {
        "node": ">=20.0.0"
      }
    },
    "node_modules/@aws-sdk/credential-provider-http": {
      "version": "3.972.73",
      "resolved": "https://registry.npmjs.org/@aws-sdk/credential-provider-http/-/credential-provider-http-3.972.73.tgz",
      "integrity": "sha512-uyYYnJOnlis8uQzaYGPd7N1JoioCoNpXgnkXYixsWJXHXgXyYi8WXJSDfofxJeWfQIGWLe2Nwyq60Uc7MZdVOg==",
      "license": "Apache-2.0",
      "dependencies": {
        "@aws-sdk/core": "^3.978.0",
        "@aws-sdk/types": "^3.974.5",
        "@smithy/core": "^3.33.3",
        "@smithy/fetch-http-handler": "^5.7.2",
        "@smithy/node-http-handler": "^4.11.3",
        "@smithy/types": "^4.17.2",
        "tslib": "^2.6.2"
      },
      "engines": {
        "node": ">=20.0.0"
      }
    },
    "node_modules/@aws-sdk/credential-provider-ini": {
      "version": "3.973.16",
      "resolved": "https://registry.npmjs.org/@aws-sdk/credential-provider-ini/-/credential-provider-ini-3.973.16.tgz",
      "integrity": "sha512-i++ly+0Uxa+u3ebSSyr0S/3CFhFJDxCXT3+Zj+mW2bXenEx5bKGCdTIKFu39SgXBNhWDjex/8cXUx9MUTMCrTw==",
      "license": "Apache-2.0",
      "dependencies": {
        "@aws-sdk/core": "^3.978.0",
        "@aws-sdk/credential-provider-env": "^3.972.71",
        "@aws-sdk/credential-provider-http": "^3.972.73",
        "@aws-sdk/credential-provider-login": "^3.972.78",
        "@aws-sdk/credential-provider-process": "^3.972.71",
        "@aws-sdk/credential-provider-sso": "^3.973.15",
        "@aws-sdk/credential-provider-web-identity": "^3.972.77",
        "@aws-sdk/nested-clients": "^3.997.45",
        "@aws-sdk/types": "^3.974.5",
        "@smithy/core": "^3.33.3",
        "@smithy/credential-provider-imds": "^4.4.16",
        "@smithy/types": "^4.17.2",
        "tslib": "^2.6.2"
      },
      "engines": {
        "node": ">=20.0.0"
      }
    },
    "node_modules/@aws-sdk/credential-provider-login": {
      "version": "3.972.78",
      "resolved": "https://registry.npmjs.org/@aws-sdk/credential-provider-login/-/credential-provider-login-3.972.78.tgz",
      "integrity": "sha512-eUtswnXu0+Ii9ieRK+0L7aPFV3Z/dnW2VntJzjBP9xs8s+8p5nBNuymIXtXwZ+5r5+XJP3e32nMkuZ/r0HozEA==",
      "license": "Apache-2.0",
      "dependencies": {
        "@aws-sdk/core": "^3.978.0",
        "@aws-sdk/nested-clients": "^3.997.45",
        "@aws-sdk/types": "^3.974.5",
        "@smithy/core": "^3.33.3",
        "@smithy/types": "^4.17.2",
        "tslib": "^2.6.2"
      },
      "engines": {
        "node": ">=20.0.0"
      }
    },
    "node_modules/@aws-sdk/credential-provider-node": {
      "version": "3.972.83",
      "resolved": "https://registry.npmjs.org/@aws-sdk/credential-provider-node/-/credential-provider-node-3.972.83.tgz",
      "integrity": "sha512-jdso7ejzfRnatxMUZK4S/U6KbaDPCvfIV4XL+IQAPFDBt5rj5Fq595euqlK8Le4lNCMFR9oUpt+1l0aMgaayOQ==",
      "license": "Apache-2.0",
      "dependencies": {
        "@aws-sdk/credential-provider-env": "^3.972.71",
        "@aws-sdk/credential-provider-http": "^3.972.73",
        "@aws-sdk/credential-provider-ini": "^3.973.16",
        "@aws-sdk/credential-provider-process": "^3.972.71",
        "@aws-sdk/credential-provider-sso": "^3.973.15",
        "@aws-sdk/credential-provider-web-identity": "^3.972.77",
        "@aws-sdk/types": "^3.974.5",
        "@smithy/core": "^3.33.3",
        "@smithy/credential-provider-imds": "^4.4.16",
        "@smithy/types": "^4.17.2",
        "tslib": "^2.6.2"
      },
      "engines": {
        "node": ">=20.0.0"
      }
    },
    "node_modules/@aws-sdk/credential-provider-process": {
      "version": "3.972.71",
      "resolved": "https://registry.npmjs.org/@aws-sdk/credential-provider-process/-/credential-provider-process-3.972.71.tgz",
      "integrity": "sha512-lYmXJa4gvq4xN1lrT5NiP5vIYYKcGWAdj8y+8o6dlcateB5eF3Dn8DtmjjHKfMBrTPAMr2pebIiX/UOj8c1/UA==",
      "license": "Apache-2.0",
      "dependencies": {
        "@aws-sdk/core": "^3.978.0",
        "@aws-sdk/types": "^3.974.5",
        "@smithy/core": "^3.33.3",
        "@smithy/types": "^4.17.2",
        "tslib": "^2.6.2"
      },
      "engines": {
        "node": ">=20.0.0"
      }
    },
    "node_modules/@aws-sdk/credential-provider-sso": {
      "version": "3.973.15",
      "resolved": "https://registry.npmjs.org/@aws-sdk/credential-provider-sso/-/credential-provider-sso-3.973.15.tgz",
      "integrity": "sha512-6Jhcf4v0pSFdjk1EW2kvzuEBKD+UZ2uNcHUIglKKLndD20YhvkL2kdmDOV5/j4mYuWWwe/a1FQ1aomU86/Cg5Q==",
      "license": "Apache-2.0",
      "dependencies": {
        "@aws-sdk/core": "^3.978.0",
        "@aws-sdk/nested-clients": "^3.997.45",
        "@aws-sdk/token-providers": "3.1129.0",
        "@aws-sdk/types": "^3.974.5",
        "@smithy/core": "^3.33.3",
        "@smithy/types": "^4.17.2",
        "tslib": "^2.6.2"
      },
      "engines": {
        "node": ">=20.0.0"
      }
    },
    "node_modules/@aws-sdk/credential-provider-web-identity": {
      "version": "3.972.77",
      "resolved": "https://registry.npmjs.org/@aws-sdk/credential-provider-web-identity/-/credential-provider-web-identity-3.972.77.tgz",
      "integrity": "sha512-uylIQSUWpfLuH2LovxEEfwzJGM/SabLOfLMg6YXu/E8jJEKUdpdILCVCQCdFvHyu/7dLJOHPMfrSwduxO56NkQ==",
      "license": "Apache-2.0",
      "dependencies": {
        "@aws-sdk/core": "^3.978.0",
        "@aws-sdk/nested-clients": "^3.997.45",
        "@aws-sdk/types": "^3.974.5",
        "@smithy/core": "^3.33.3",
        "@smithy/types": "^4.17.2",
        "tslib": "^2.6.2"
      },
      "engines": {
        "node": ">=20.0.0"
      }
    },
    "node_modules/@aws-sdk/dynamodb-codec": {
      "version": "3.973.45",
      "resolved": "https://registry.npmjs.org/@aws-sdk/dynamodb-codec/-/dynamodb-codec-3.973.45.tgz",
      "integrity": "sha512-WMnbfe3igJy14RRzEnLDW9G2V0WbrXdnp2UYAGYJIgbB1wR33bBle0dmbVnejs6sHJWfP2N1cAAx/QxXnoyK8w==",
      "license": "Apache-2.0",
      "dependencies": {
        "@aws-sdk/core": "^3.978.0",
        "@smithy/core": "^3.33.3",
        "@smithy/types": "^4.17.2",
        "tslib": "^2.6.2"
      },
      "engines": {
        "node": ">=20.0.0"
      }
    },
    "node_modules/@aws-sdk/endpoint-cache": {
      "version": "3.972.11",
      "resolved": "https://registry.npmjs.org/@aws-sdk/endpoint-cache/-/endpoint-cache-3.972.11.tgz",
      "integrity": "sha512-8q1ICxcDjHId3bBryuu/j+1L9y5/3uQnwzLDt5j2ElcjZSoWmFtymdJy7OjLrluSMe0Z4mq5bcH4fxBXvlEHfw==",
      "license": "Apache-2.0",
      "dependencies": {
        "mnemonist": "0.38.3",
        "tslib": "^2.6.2"
      },
      "engines": {
        "node": ">=20.0.0"
      }
    },
    "node_modules/@aws-sdk/lib-dynamodb": {
      "version": "3.1136.0",
      "resolved": "https://registry.npmjs.org/@aws-sdk/lib-dynamodb/-/lib-dynamodb-3.1136.0.tgz",
      "integrity": "sha512-6F2BFM/u6GqfeVxp8YdmyfBIBQX76Dc+UTlxtf+Kbfsl+80UezRLkx1evF0GOUUqAeokaFbk8zjgU/lAQai3hg==",
      "license": "Apache-2.0",
      "dependencies": {
        "@aws-sdk/core": "^3.978.0",
        "@aws-sdk/util-dynamodb": "^3.996.9",
        "@smithy/core": "^3.33.3",
        "@smithy/types": "^4.17.2",
        "tslib": "^2.6.2"
      },
      "engines": {
        "node": ">=20.0.0"
      },
      "peerDependencies": {
        "@aws-sdk/client-dynamodb": "^3.1136.0"
      }
    },
    "node_modules/@aws-sdk/middleware-endpoint-discovery": {
      "version": "3.972.30",
      "resolved": "https://registry.npmjs.org/@aws-sdk/middleware-endpoint-discovery/-/middleware-endpoint-discovery-3.972.30.tgz",
      "integrity": "sha512-0hmD7/NG2NoVOVHvUb6rtY5POQYr+/9gdHvrYhIBA1zmCqKOBd5Gz3dL+iZ15FHOJbs/5kLplGoePc8PHTlzYA==",
      "license": "Apache-2.0",
      "dependencies": {
        "@aws-sdk/endpoint-cache": "^3.972.11",
        "@aws-sdk/types": "^3.974.5",
        "@smithy/core": "^3.33.3",
        "@smithy/types": "^4.17.2",
        "tslib": "^2.6.2"
      },
      "engines": {
        "node": ">=20.0.0"
      }
    },
    "node_modules/@aws-sdk/nested-clients": {
      "version": "3.997.45",
      "resolved": "https://registry.npmjs.org/@aws-sdk/nested-clients/-/nested-clients-3.997.45.tgz",
      "integrity": "sha512-mooq9Q+jLa18VoM7HouczmslZU60iiB0aKc/Ztnq/luIL1ud0z4DnYprLR/ZO1gp331S9tJctM1HZr7u6YKBXQ==",
      "license": "Apache-2.0",
      "dependencies": {
        "@aws-sdk/core": "^3.978.0",
        "@aws-sdk/signature-v4-multi-region": "^3.996.46",
        "@aws-sdk/types": "^3.974.5",
        "@smithy/core": "^3.33.3",
        "@smithy/fetch-http-handler": "^5.7.2",
        "@smithy/node-http-handler": "^4.11.3",
        "@smithy/types": "^4.17.2",
        "tslib": "^2.6.2"
      },
      "engines": {
        "node": ">=20.0.0"
      }
    },
    "node_modules/@aws-sdk/signature-v4-multi-region": {
      "version": "3.996.46",
      "resolved": "https://registry.npmjs.org/@aws-sdk/signature-v4-multi-region/-/signature-v4-multi-region-3.996.46.tgz",
      "integrity": "sha512-L+2xZTye/2T96f3lwCws0Zw6GG2JHZW9e8FpVgGBeeExSKyeoZ6CWRpBml/7DNiK/O26jrgPM9F+Ay8VkgzUWQ==",
      "license": "Apache-2.0",
      "dependencies": {
        "@aws-sdk/types": "^3.974.5",
        "@smithy/signature-v4": "^5.6.12",
        "@smithy/types": "^4.17.2",
        "tslib": "^2.6.2"
      },
      "engines": {
        "node": ">=20.0.0"
      }
    },
    "node_modules/@aws-sdk/token-providers": {
      "version": "3.1129.0",
      "resolved": "https://registry.npmjs.org/@aws-sdk/token-providers/-/token-providers-3.1129.0.tgz",
      "integrity": "sha512-Sbl3rpzQdsG4ZK2zh0JWUYyZPKKorJlVOddA2T0DVbKJFrsW8J6wgnslxxUH04+WaBMr4A1HzJZvZX0xUvkniA==",
      "license": "Apache-2.0",
      "dependencies": {
        "@aws-sdk/core": "^3.978.0",
        "@aws-sdk/nested-clients": "^3.997.45",
        "@aws-sdk/types": "^3.974.5",
        "@smithy/core": "^3.33.3",
        "@smithy/types": "^4.17.2",
        "tslib": "^2.6.2"
      },
      "engines": {
        "node": ">=20.0.0"
      }
    },
    "node_modules/@aws-sdk/types": {
      "version": "3.974.5",
      "resolved": "https://registry.npmjs.org/@aws-sdk/types/-/types-3.974.5.tgz",
      "integrity": "sha512-LkwLL2BLbC6wNNm4JaH9mbEqBMdOZCct6VAYqhdN4U1xrWM+fUJQEfbHwQgDypapOWTRtlk25akb5afM0P8CIQ==",
      "license": "Apache-2.0",
      "dependencies": {
        "@smithy/types": "^4.17.2",
        "tslib": "^2.6.2"
      },
      "engines": {
        "node": ">=20.0.0"
      }
    },
    "node_modules/@aws-sdk/util-dynamodb": {
      "version": "3.996.9",
      "resolved": "https://registry.npmjs.org/@aws-sdk/util-dynamodb/-/util-dynamodb-3.996.9.tgz",
      "integrity": "sha512-16x2tRvl7OYpZ0W/DdFJieFriD13+RvuRBDbe5sj/tCEfK86HSGd7I2s5j0ivz8p6KWGkS+5wKRO9OliJkjUOQ==",
      "license": "Apache-2.0",
      "dependencies": {
        "tslib": "^2.6.2"
      },
      "engines": {
        "node": ">=20.0.0"
      },
      "peerDependencies": {
        "@aws-sdk/client-dynamodb": "^3.1111.0"
      }
    },
    "node_modules/@aws-sdk/xml-builder": {
      "version": "3.972.40",
      "resolved": "https://registry.npmjs.org/@aws-sdk/xml-builder/-/xml-builder-3.972.40.tgz",
      "integrity": "sha512-wlFmCIGUlwF4zx/kncw+bmxTQh1HeSJq4mYV/V5cZUSJadDP3kXvGW8Rn21cimj/7y9ju+47oYWXi97vF7czaA==",
      "license": "Apache-2.0",
      "dependencies": {
        "@smithy/types": "^4.17.2",
        "tslib": "^2.6.2"
      },
      "engines": {
        "node": ">=20.0.0"
      }
    },
    "node_modules/@aws/lambda-invoke-store": {
      "version": "0.3.0",
      "resolved": "https://registry.npmjs.org/@aws/lambda-invoke-store/-/lambda-invoke-store-0.3.0.tgz",
      "integrity": "sha512-sl4Bm6yiMNYrZKkqqDFWN0UfnWhlS8ivKxrYl+6t0gCLrqr8y3B2IqZZbFRkfaVVp7C/baApyh71P+LeE1A2sQ==",
      "license": "Apache-2.0",
      "engines": {
        "node": ">=18.0.0"
      }
    },
    "node_modules/@carbon/colors": {
      "version": "11.59.0",
      "resolved": "https://registry.npmjs.org/@carbon/colors/-/colors-11.59.0.tgz",
      "integrity": "sha512-8Uz0KatyYgVYcujtCZeNmDX03BniD/WIy77uN2PuXoYCKMyv/kziSHHWBJ3DPhvsZb1734796lyESMvrgL8NBg==",
      "dev": true,
      "hasInstallScript": true,
      "license": "Apache-2.0",
      "dependencies": {
        "@ibm/telemetry-js": "^1.5.0"
      }
    },
    "node_modules/@carbon/feature-flags": {
      "version": "1.10.0",
      "resolved": "https://registry.npmjs.org/@carbon/feature-flags/-/feature-flags-1.10.0.tgz",
      "integrity": "sha512-dRqo+H1wy2Zzghj813qLTaROXPKISp1IpxOgdSqsd0NqB9is1Hlv5fr6Asygzo5LTLXNvGyRmsHbFCyfDxmZxQ==",
      "dev": true,
      "hasInstallScript": true,
      "license": "Apache-2.0",
      "dependencies": {
        "@ibm/telemetry-js": "^1.5.0"
      }
    },
    "node_modules/@carbon/grid": {
      "version": "11.63.0",
      "resolved": "https://registry.npmjs.org/@carbon/grid/-/grid-11.63.0.tgz",
      "integrity": "sha512-43Q8IErP7+BkIbU5cdR0A5Mpsj8GssJGu6JhWJREE318eBzJkoQ3Yt7OBUfVzFSA7MV6spl1Q8L1hJb9MId1gw==",
      "dev": true,
      "hasInstallScript": true,
      "license": "Apache-2.0",
      "dependencies": {
        "@carbon/layout": "^11.60.0",
        "@ibm/telemetry-js": "^1.5.0"
      }
    },
    "node_modules/@carbon/icon-helpers": {
      "version": "10.47.0",
      "resolved": "https://registry.npmjs.org/@carbon/icon-helpers/-/icon-helpers-10.47.0.tgz",
      "integrity": "sha512-vv2Wkuw7lYkYVKrn5ABzlZD+6ioAYwMuyKi2XPqYY3hrHYoL4CQUnuSFDhlj0DR2HHCB0L5MGRLxHLucx5cc7g==",
      "dev": true,
      "hasInstallScript": true,
      "license": "Apache-2.0",
      "dependencies": {
        "@ibm/telemetry-js": "^1.2.1"
      }
    },
    "node_modules/@carbon/icons": {
      "version": "11.89.0",
      "resolved": "https://registry.npmjs.org/@carbon/icons/-/icons-11.89.0.tgz",
      "integrity": "sha512-M54u+J19d+nUSp2mpRqc1Opcsqx/bv5oLLk8ECVwE0PGWmUiUlJkfl6NbWHcA2pOIyvJoEwv686KsCO1Q7RSlQ==",
      "dev": true,
      "hasInstallScript": true,
      "license": "Apache-2.0",
      "dependencies": {
        "@ibm/telemetry-js": "^1.5.0"
      }
    },
    "node_modules/@carbon/layout": {
      "version": "11.60.0",
      "resolved": "https://registry.npmjs.org/@carbon/layout/-/layout-11.60.0.tgz",
      "integrity": "sha512-ZrY1nkJt5UN1n93HCS7OH6C7dloMFdl01MhT6C1zRBv+FL5dODz+NEYxxUOM45ATP7z78XnpvQsTdTnu3kaiUg==",
      "dev": true,
      "hasInstallScript": true,
      "license": "Apache-2.0",
      "dependencies": {
        "@ibm/telemetry-js": "^1.5.0"
      }
    },
    "node_modules/@carbon/motion": {
      "version": "11.53.0",
      "resolved": "https://registry.npmjs.org/@carbon/motion/-/motion-11.53.0.tgz",
      "integrity": "sha512-pqpgrgLx6QK4dtXXdmHSF1BMOyWS+LlXBNjqVH+N13CEDInYjya77ksIbLRRPxEDh47yp8rT6aDnVR0kv7/JTQ==",
      "dev": true,
      "hasInstallScript": true,
      "license": "Apache-2.0",
      "dependencies": {
        "@ibm/telemetry-js": "^1.5.0"
      }
    },
    "node_modules/@carbon/styles": {
      "version": "1.116.0",
      "resolved": "https://registry.npmjs.org/@carbon/styles/-/styles-1.116.0.tgz",
      "integrity": "sha512-JGheJvrkuvgw93wLe+POy94olKvn0hSCIjgAIq6Goo38dNc/atkYOIt+PQhnQp7OwSk8SpRtCXB0Qt4p65biwQ==",
      "dev": true,
      "hasInstallScript": true,
      "license": "Apache-2.0",
      "dependencies": {
        "@carbon/colors": "^11.59.0",
        "@carbon/feature-flags": "^1.10.0",
        "@carbon/grid": "^11.63.0",
        "@carbon/layout": "^11.60.0",
        "@carbon/motion": "^11.53.0",
        "@carbon/themes": "^11.82.0",
        "@carbon/type": "^11.68.0",
        "@ibm/plex": "6.4.1",
        "@ibm/plex-mono": "2.5.0",
        "@ibm/plex-sans": "1.1.0",
        "@ibm/plex-sans-arabic": "1.1.0",
        "@ibm/plex-sans-devanagari": "1.1.0",
        "@ibm/plex-sans-hebrew": "1.1.0",
        "@ibm/plex-sans-thai": "1.1.0",
        "@ibm/plex-sans-thai-looped": "1.1.0",
        "@ibm/plex-serif": "2.0.0",
        "@ibm/telemetry-js": "^1.5.0"
      },
      "peerDependencies": {
        "sass": "^1.33.0"
      },
      "peerDependenciesMeta": {
        "sass": {
          "optional": true
        }
      }
    },
    "node_modules/@carbon/themes": {
      "version": "11.82.0",
      "resolved": "https://registry.npmjs.org/@carbon/themes/-/themes-11.82.0.tgz",
      "integrity": "sha512-00SjjUQh8X1sLANwnoAXiFm7rWHW6ufY+twLnbmcEtJ+PKby8ytBbP9xNnq4hTFgiaR41B77AQwMQZo22PYItA==",
      "dev": true,
      "hasInstallScript": true,
      "license": "Apache-2.0",
      "dependencies": {
        "@carbon/colors": "^11.59.0",
        "@carbon/layout": "^11.60.0",
        "@carbon/type": "^11.68.0",
        "@ibm/telemetry-js": "^1.5.0",
        "color": "^4.0.0"
      },
      "engines": {
        "node": ">=22"
      }
    },
    "node_modules/@carbon/type": {
      "version": "11.68.0",
      "resolved": "https://registry.npmjs.org/@carbon/type/-/type-11.68.0.tgz",
      "integrity": "sha512-3BOiTVEYaIXwpTphCT3e+Dp6tSuRGLGq/9auHyOzflvF7BkqrqI+xA7fDEBoqLbCgn5CiQPQZtce3hbBXZRp3g==",
      "dev": true,
      "hasInstallScript": true,
      "license": "Apache-2.0",
      "dependencies": {
        "@carbon/grid": "^11.63.0",
        "@carbon/layout": "^11.60.0",
        "@ibm/telemetry-js": "^1.5.0"
      }
    },
    "node_modules/@carbon/utilities": {
      "version": "0.26.0",
      "resolved": "https://registry.npmjs.org/@carbon/utilities/-/utilities-0.26.0.tgz",
      "integrity": "sha512-mOyNMwlrkNwEB5roLAcd1KqjSPuaJ35hfEjS7aUMLJXFnh4r61Z/9R8nhPD2SnFK8ZnQgWPm6uuaHCqvr0aj/Q==",
      "dev": true,
      "hasInstallScript": true,
      "license": "Apache-2.0",
      "dependencies": {
        "@ibm/telemetry-js": "^1.6.1",
        "@internationalized/number": "^3.6.1",
        "temporal-polyfill": "^1.0.4"
      }
    },
    "node_modules/@carbon/web-components": {
      "version": "2.64.0",
      "resolved": "https://registry.npmjs.org/@carbon/web-components/-/web-components-2.64.0.tgz",
      "integrity": "sha512-UhaxSFOVZJ7cqqRmSxlV69UZ3EQAVAnnbcxokVx3FXSARo+63fA3hQZZeSzKFTC5P2PxcY2l0JSQziuqoSDjMA==",
      "bundleDependencies": [
        "flatpickr"
      ],
      "dev": true,
      "hasInstallScript": true,
      "license": "Apache-2.0",
      "dependencies": {
        "@carbon/icon-helpers": "10.47.0",
        "@carbon/icons": "^11.89.0",
        "@carbon/styles": "^1.116.0",
        "@carbon/utilities": "^0.26.0",
        "@floating-ui/dom": "^1.6.3",
        "@ibm/telemetry-js": "^1.10.2",
        "@lit-labs/signals": "^0.3.0",
        "@lit/context": "^1.1.3",
        "flatpickr": "*",
        "lit": "^3.1.0",
        "lodash-es": "^4.17.21",
        "tslib": "^2.6.3"
      },
      "bin": {
        "create-prefixed-build": "bin/create-prefixed-build.js"
      }
    },
    "node_modules/@floating-ui/core": {
      "version": "1.8.0",
      "resolved": "https://registry.npmjs.org/@floating-ui/core/-/core-1.8.0.tgz",
      "integrity": "sha512-0CIZ5itps/8x7BG8dEIhs53BvCUH2PCoogtakwRTut+Arm58sJooJ0AuZhLw2HJYIR5cMLNPBSS728sPho2khQ==",
      "dev": true,
      "license": "MIT",
      "dependencies": {
        "@floating-ui/utils": "^0.2.12"
      }
    },
    "node_modules/@floating-ui/dom": {
      "version": "1.8.0",
      "resolved": "https://registry.npmjs.org/@floating-ui/dom/-/dom-1.8.0.tgz",
      "integrity": "sha512-yXSrzeHZBTZadLOlfyhCkJHNeLJnHRnRInwdZ40L7ZiaAtrBwoYlsDrX3v5zB1Utk7CLfzcOVnVVWoXEky7Ceg==",
      "dev": true,
      "license": "MIT",
      "dependencies": {
        "@floating-ui/core": "^1.8.0",
        "@floating-ui/utils": "^0.2.12"
      }
    },
    "node_modules/@floating-ui/utils": {
      "version": "0.2.12",
      "resolved": "https://registry.npmjs.org/@floating-ui/utils/-/utils-0.2.12.tgz",
      "integrity": "sha512-HpCo8tmWzLVad5s2d19EhAz5zqrrQ6s69qd6moPMQvkOuSwDT1YgRfWSVuc4ennqrgv3OHppiOGMQ7oC13yIww==",
      "dev": true,
      "license": "MIT"
    },
    "node_modules/@ibm/plex": {
      "version": "6.4.1",
      "resolved": "https://registry.npmjs.org/@ibm/plex/-/plex-6.4.1.tgz",
      "integrity": "sha512-fnsipQywHt3zWvsnlyYKMikcVI7E2fEwpiPnIHFqlbByXVfQfANAAeJk1IV4mNnxhppUIDlhU0TzwYwL++Rn2g==",
      "dev": true,
      "hasInstallScript": true,
      "license": "OFL-1.1",
      "dependencies": {
        "@ibm/telemetry-js": "^1.5.1"
      }
    },
    "node_modules/@ibm/plex-mono": {
      "version": "2.5.0",
      "resolved": "https://registry.npmjs.org/@ibm/plex-mono/-/plex-mono-2.5.0.tgz",
      "integrity": "sha512-STBJIPxPomOYPmBMO7z5TKPJUotAF9u3gAUumTqVgwgrAO+K4FRNh0MlhsoJjKhJKsMbBJR10/bk4inkj/wc1w==",
      "dev": true,
      "hasInstallScript": true,
      "license": "OFL-1.1",
      "dependencies": {
        "@ibm/telemetry-js": "^1.6.1"
      }
    },
    "node_modules/@ibm/plex-sans": {
      "version": "1.1.0",
      "resolved": "https://registry.npmjs.org/@ibm/plex-sans/-/plex-sans-1.1.0.tgz",
      "integrity": "sha512-WPgvO6Yfj2w5YbhyAr1tv95RUz4LRJlqN+CmYvBglabXteufP1D1E9BABMde+ZIKdRbFJDoKF5eQzfhpnbgZcQ==",
      "dev": true,
      "hasInstallScript": true,
      "license": "OFL-1.1",
      "dependencies": {
        "@ibm/telemetry-js": "^1.6.1"
      }
    },
    "node_modules/@ibm/plex-sans-arabic": {
      "version": "1.1.0",
      "resolved": "https://registry.npmjs.org/@ibm/plex-sans-arabic/-/plex-sans-arabic-1.1.0.tgz",
      "integrity": "sha512-u8wIS6szLAOFvlBjCFZmtpKIqbhuIuniG2N0J+sio8vV6INH58hP0t0QNYrSl9SZtCv2Fwb4oQGuZJY3kJ4+QA==",
      "dev": true,
      "hasInstallScript": true,
      "license": "OFL-1.1",
      "dependencies": {
        "@ibm/telemetry-js": "^1.6.1"
      }
    },
    "node_modules/@ibm/plex-sans-devanagari": {
      "version": "1.1.0",
      "resolved": "https://registry.npmjs.org/@ibm/plex-sans-devanagari/-/plex-sans-devanagari-1.1.0.tgz",
      "integrity": "sha512-IVNV9NxXZDzcGZRao/xj+kiFwkdLkcw5vNiKwY8wEzzkpjApXJnPhJ0a7mIKNAh8oIadTIF68+iGtzRKK3nXAQ==",
      "dev": true,
      "hasInstallScript": true,
      "license": "OFL-1.1",
      "dependencies": {
        "@ibm/telemetry-js": "^1.6.1"
      }
    },
    "node_modules/@ibm/plex-sans-hebrew": {
      "version": "1.1.0",
      "resolved": "https://registry.npmjs.org/@ibm/plex-sans-hebrew/-/plex-sans-hebrew-1.1.0.tgz",
      "integrity": "sha512-iix0rLpUD0E8dE8q+/t3B7u1or7h6gEzoy6TK9NwP41AN31WE55f2cFwQAXomBDwr0Ozc9sHYy97NutEukZXzQ==",
      "dev": true,
      "hasInstallScript": true,
      "license": "OFL-1.1",
      "dependencies": {
        "@ibm/telemetry-js": "^1.6.1"
      }
    },
    "node_modules/@ibm/plex-sans-thai": {
      "version": "1.1.0",
      "resolved": "https://registry.npmjs.org/@ibm/plex-sans-thai/-/plex-sans-thai-1.1.0.tgz",
      "integrity": "sha512-vk7IrjdO69eEElJpFBppCha/wvU48DFyVuDewcfIf5L6Z11s0vbROANCvKipVPRUz1LE4ron8KoitWGcl3AlfA==",
      "dev": true,
      "hasInstallScript": true,
      "license": "OFL-1.1",
      "dependencies": {
        "@ibm/telemetry-js": "^1.6.1"
      }
    },
    "node_modules/@ibm/plex-sans-thai-looped": {
      "version": "1.1.0",
      "resolved": "https://registry.npmjs.org/@ibm/plex-sans-thai-looped/-/plex-sans-thai-looped-1.1.0.tgz",
      "integrity": "sha512-9zbDGzmtscHgBRTF88y3/92zQx6lmKjz5ZxhgcljilwOpj08BAytDc3mzUl9XGUh+DmOMl0Ql1lk6ecsEYYg2w==",
      "dev": true,
      "hasInstallScript": true,
      "license": "OFL-1.1",
      "dependencies": {
        "@ibm/telemetry-js": "^1.6.1"
      }
    },
    "node_modules/@ibm/plex-serif": {
      "version": "2.0.0",
      "resolved": "https://registry.npmjs.org/@ibm/plex-serif/-/plex-serif-2.0.0.tgz",
      "integrity": "sha512-xVu9JsC18tBoQF2M6fofpsWrHj5a94saxlOZbYmXoC0E3UfjgS1JlibgrnaUJjnkLlEyCpMgI2PdhkDxijw0gA==",
      "dev": true,
      "hasInstallScript": true,
      "license": "OFL-1.1",
      "dependencies": {
        "@ibm/telemetry-js": "^1.6.1"
      }
    },
    "node_modules/@ibm/telemetry-js": {
      "version": "1.11.0",
      "resolved": "https://registry.npmjs.org/@ibm/telemetry-js/-/telemetry-js-1.11.0.tgz",
      "integrity": "sha512-RO/9j+URJnSfseWg9ZkEX9p+a3Ousd33DBU7rOafoZB08RqdzxFVYJ2/iM50dkBuD0o7WX7GYt1sLbNgCoE+pA==",
      "dev": true,
      "license": "Apache-2.0",
      "bin": {
        "ibmtelemetry": "dist/collect.js"
      }
    },
    "node_modules/@internationalized/number": {
      "version": "3.6.8",
      "resolved": "https://registry.npmjs.org/@internationalized/number/-/number-3.6.8.tgz",
      "integrity": "sha512-8UmMFia46DUt+k97zKd9fKWXcWHR+k8ae3eYzILETuT2KbIvLyOfac7zesw+sJdRAAZ7Q9pM1Mk22aXp2LD0Ig==",
      "dev": true,
      "license": "Apache-2.0",
      "dependencies": {
        "@swc/helpers": "^0.5.0"
      }
    },
    "node_modules/@lit-labs/signals": {
      "version": "0.3.0",
      "resolved": "https://registry.npmjs.org/@lit-labs/signals/-/signals-0.3.0.tgz",
      "integrity": "sha512-PfB5FLtorVfkhwTWXOPNT/rvrVdSDY8siwPyR17ztrViRbMqxy1TQBcHqJoA4303QT8yXPGxYtGKJGj7fEfEwg==",
      "dev": true,
      "license": "BSD-3-Clause",
      "dependencies": {
        "lit": "^2.0.0 || ^3.0.0",
        "signal-polyfill": "^0.2.2"
      }
    },
    "node_modules/@lit-labs/ssr-dom-shim": {
      "version": "1.6.0",
      "resolved": "https://registry.npmjs.org/@lit-labs/ssr-dom-shim/-/ssr-dom-shim-1.6.0.tgz",
      "integrity": "sha512-VHb0ALPMTlgKjM6yIxxoQNnpKyUKLD04VzeQdsiXkMqkvYlAHxq9glGLmgbb889/1GsohSOAjvQYoiBppXFqrQ==",
      "dev": true,
      "license": "BSD-3-Clause"
    },
    "node_modules/@lit/context": {
      "version": "1.1.6",
      "resolved": "https://registry.npmjs.org/@lit/context/-/context-1.1.6.tgz",
      "integrity": "sha512-M26qDE6UkQbZA2mQ3RjJ3Gzd8TxP+/0obMgE5HfkfLhEEyYE3Bui4A5XHiGPjy0MUGAyxB3QgVuw2ciS0kHn6A==",
      "dev": true,
      "license": "BSD-3-Clause",
      "dependencies": {
        "@lit/reactive-element": "^1.6.2 || ^2.1.0"
      }
    },
    "node_modules/@lit/reactive-element": {
      "version": "2.1.2",
      "resolved": "https://registry.npmjs.org/@lit/reactive-element/-/reactive-element-2.1.2.tgz",
      "integrity": "sha512-pbCDiVMnne1lYUIaYNN5wrwQXDtHaYtg7YEFPeW+hws6U47WeFvISGUWekPGKWOP1ygrs0ef0o1VJMk1exos5A==",
      "dev": true,
      "license": "BSD-3-Clause",
      "dependencies": {
        "@lit-labs/ssr-dom-shim": "^1.5.0"
      }
    },
    "node_modules/@smithy/core": {
      "version": "3.34.1",
      "resolved": "https://registry.npmjs.org/@smithy/core/-/core-3.34.1.tgz",
      "integrity": "sha512-dLcOUxz8YCv1RZUMKq6GbyUf95pLbrqh34bPvpCZ1+CByFF31BEAFewZjsGCnVsZTKdThNENfGyAgk2TJqVwSw==",
      "license": "Apache-2.0",
      "dependencies": {
        "@smithy/types": "^4.18.0",
        "tslib": "^2.6.2"
      },
      "engines": {
        "node": ">=18.0.0"
      }
    },
    "node_modules/@smithy/credential-provider-imds": {
      "version": "4.5.2",
      "resolved": "https://registry.npmjs.org/@smithy/credential-provider-imds/-/credential-provider-imds-4.5.2.tgz",
      "integrity": "sha512-A9uSdn72ozbRUSit0eib0TW7nXuNPlaeM0zcGkJ+nE6tFcSDbnmtwoxbTCFBukVQcszDAyvsd7+rTduPTXpygg==",
      "license": "Apache-2.0",
      "dependencies": {
        "@smithy/core": "^3.33.2",
        "@smithy/types": "^4.17.2",
        "tslib": "^2.6.2"
      },
      "engines": {
        "node": ">=18.0.0"
      }
    },
    "node_modules/@smithy/fetch-http-handler": {
      "version": "5.8.0",
      "resolved": "https://registry.npmjs.org/@smithy/fetch-http-handler/-/fetch-http-handler-5.8.0.tgz",
      "integrity": "sha512-ycSJu3tFAQ4v04CBB0agqFMVsSQ1iG3yw+SpgxRqKfaURpQD4CZ8Wn0zPMmSnOuTpTh65Vz+EA0rMrw089wvkA==",
      "license": "Apache-2.0",
      "dependencies": {
        "@smithy/core": "^3.33.3",
        "@smithy/types": "^4.18.0",
        "tslib": "^2.6.2"
      },
      "engines": {
        "node": ">=18.0.0"
      }
    },
    "node_modules/@smithy/node-http-handler": {
      "version": "4.12.1",
      "resolved": "https://registry.npmjs.org/@smithy/node-http-handler/-/node-http-handler-4.12.1.tgz",
      "integrity": "sha512-ThMkboGeONWXAelq9FvGsuJC4rOi+qyC4/zhUF58xYpxUg5sQKx2VXZYJmtNjr4dSuBJ1HeJXETQILCz3wOHvw==",
      "license": "Apache-2.0",
      "dependencies": {
        "@smithy/core": "^3.33.3",
        "@smithy/types": "^4.18.0",
        "tslib": "^2.6.2"
      },
      "engines": {
        "node": ">=18.0.0"
      }
    },
    "node_modules/@smithy/signature-v4": {
      "version": "5.7.3",
      "resolved": "https://registry.npmjs.org/@smithy/signature-v4/-/signature-v4-5.7.3.tgz",
      "integrity": "sha512-7ImGm+FkHRLcBaRttIAMZ6bzJZWb2cJGoYjq46F2UjycujWzrL9GEN9h4w7eQyXJYnltrUhxbbieBAIRrdqpow==",
      "license": "Apache-2.0",
      "dependencies": {
        "@smithy/core": "^3.33.3",
        "@smithy/types": "^4.17.2",
        "tslib": "^2.6.2"
      },
      "engines": {
        "node": ">=18.0.0"
      }
    },
    "node_modules/@smithy/types": {
      "version": "4.18.0",
      "resolved": "https://registry.npmjs.org/@smithy/types/-/types-4.18.0.tgz",
      "integrity": "sha512-CgB6HHWer/vrKps24ulRIbpcpb7K4xAU7SkZ7YHzBPlwHsvsrCJFEXK421s+cJzX+ZrqtA/TuU5w1HzI7k9N8A==",
      "license": "Apache-2.0",
      "dependencies": {
        "tslib": "^2.6.2"
      },
      "engines": {
        "node": ">=18.0.0"
      }
    },
    "node_modules/@swc/helpers": {
      "version": "0.5.23",
      "resolved": "https://registry.npmjs.org/@swc/helpers/-/helpers-0.5.23.tgz",
      "integrity": "sha512-5lSsMOTXURePglDfvuAQUqkGek9Hg2kksOYay2m0+XR++b2NWYL/4sWyuvVBIs8oKnJaxkdi9whaL/sqN13afw==",
      "dev": true,
      "license": "Apache-2.0",
      "dependencies": {
        "tslib": "^2.8.0"
      }
    },
    "node_modules/@types/node": {
      "version": "22.20.3",
      "resolved": "https://registry.npmjs.org/@types/node/-/node-22.20.3.tgz",
      "integrity": "sha512-DZmzkmwHzXrLPAXPyKNDzlIwMMUZCVacoD25ywdy5YTKGbOx/2ld+Q38Im2zJ0vBuZP5Prd3VZutKZyXwkOS8A==",
      "dev": true,
      "license": "MIT",
      "dependencies": {
        "undici-types": "~6.21.0"
      }
    },
    "node_modules/@types/trusted-types": {
      "version": "2.0.7",
      "resolved": "https://registry.npmjs.org/@types/trusted-types/-/trusted-types-2.0.7.tgz",
      "integrity": "sha512-ScaPdn1dQczgbl0QFTeTOmVHFULt394XJgOQNoyVhZ6r2vLnMLJfBPd53SB52T/3G36VI1/g2MZaX0cwDuXsfw==",
      "dev": true,
      "license": "MIT"
    },
    "node_modules/@types/ws": {
      "version": "8.18.1",
      "resolved": "https://registry.npmjs.org/@types/ws/-/ws-8.18.1.tgz",
      "integrity": "sha512-ThVF6DCVhA8kUGy+aazFQ4kXQ7E1Ty7A3ypFOe0IcJV8O/M511G99AW24irKrW56Wt44yG9+ij8FaqoBGkuBXg==",
      "dev": true,
      "license": "MIT",
      "dependencies": {
        "@types/node": "*"
      }
    },
    "node_modules/bowser": {
      "version": "2.14.1",
      "resolved": "https://registry.npmjs.org/bowser/-/bowser-2.14.1.tgz",
      "integrity": "sha512-tzPjzCxygAKWFOJP011oxFHs57HzIhOEracIgAePE4pqB3LikALKnSzUyU4MGs9/iCEUuHlAJTjTc5M+u7YEGg==",
      "license": "MIT"
    },
    "node_modules/color": {
      "version": "4.2.3",
      "resolved": "https://registry.npmjs.org/color/-/color-4.2.3.tgz",
      "integrity": "sha512-1rXeuUUiGGrykh+CeBdu5Ie7OJwinCgQY0bc7GCRxy5xVHy+moaqkpL/jqQq0MtQOeYcrqEz4abc5f0KtU7W4A==",
      "dev": true,
      "license": "MIT",
      "dependencies": {
        "color-convert": "^2.0.1",
        "color-string": "^1.9.0"
      },
      "engines": {
        "node": ">=12.5.0"
      }
    },
    "node_modules/color-convert": {
      "version": "2.0.1",
      "resolved": "https://registry.npmjs.org/color-convert/-/color-convert-2.0.1.tgz",
      "integrity": "sha512-RRECPsj7iu/xb5oKYcsFHSppFNnsj/52OVTRKb4zP5onXwVF3zVmmToNcOfGC+CRDpfK/U584fMg38ZHCaElKQ==",
      "dev": true,
      "license": "MIT",
      "dependencies": {
        "color-name": "~1.1.4"
      },
      "engines": {
        "node": ">=7.0.0"
      }
    },
    "node_modules/color-name": {
      "version": "1.1.4",
      "resolved": "https://registry.npmjs.org/color-name/-/color-name-1.1.4.tgz",
      "integrity": "sha512-dOy+3AuW3a2wNbZHIuMZpTcgjGuLU/uBL/ubcZF9OXbDo8ff4O8yVp5Bf0efS8uEoYo5q4Fx7dY9OgQGXgAsQA==",
      "dev": true,
      "license": "MIT"
    },
    "node_modules/color-string": {
      "version": "1.9.1",
      "resolved": "https://registry.npmjs.org/color-string/-/color-string-1.9.1.tgz",
      "integrity": "sha512-shrVawQFojnZv6xM40anx4CkoDP+fZsw/ZerEMsW/pyzsRbElpsL/DBVW7q3ExxwusdNXI3lXpuhEZkzs8p5Eg==",
      "dev": true,
      "license": "MIT",
      "dependencies": {
        "color-name": "^1.0.0",
        "simple-swizzle": "^0.2.2"
      }
    },
    "node_modules/is-arrayish": {
      "version": "0.3.4",
      "resolved": "https://registry.npmjs.org/is-arrayish/-/is-arrayish-0.3.4.tgz",
      "integrity": "sha512-m6UrgzFVUYawGBh1dUsWR5M2Clqic9RVXC/9f8ceNlv2IcO9j9J/z8UoCLPqtsPBFNzEpfR3xftohbfqDx8EQA==",
      "dev": true,
      "license": "MIT"
    },
    "node_modules/lit": {
      "version": "3.3.3",
      "resolved": "https://registry.npmjs.org/lit/-/lit-3.3.3.tgz",
      "integrity": "sha512-fycuvZg/hkpozL00lm1pEJH5nN/lr9ZXd6mJI2HSN4+Bzc+LDNdEApJ6HFbPkdFNHLvOplIIuJvxkS4XUxqirw==",
      "dev": true,
      "license": "BSD-3-Clause",
      "dependencies": {
        "@lit/reactive-element": "^2.1.0",
        "lit-element": "^4.2.0",
        "lit-html": "^3.3.0"
      }
    },
    "node_modules/lit-element": {
      "version": "4.2.2",
      "resolved": "https://registry.npmjs.org/lit-element/-/lit-element-4.2.2.tgz",
      "integrity": "sha512-aFKhNToWxoyhkNDmWZwEva2SlQia+jfG0fjIWV//YeTaWrVnOxD89dPKfigCUspXFmjzOEUQpOkejH5Ly6sG0w==",
      "dev": true,
      "license": "BSD-3-Clause",
      "dependencies": {
        "@lit-labs/ssr-dom-shim": "^1.5.0",
        "@lit/reactive-element": "^2.1.0",
        "lit-html": "^3.3.0"
      }
    },
    "node_modules/lit-html": {
      "version": "3.3.3",
      "resolved": "https://registry.npmjs.org/lit-html/-/lit-html-3.3.3.tgz",
      "integrity": "sha512-el8M6jK2o3RXBnrSHX3ZKrsN8zEV63pSExTO1wYJz7QndGYZ8353e2a5PPX+qHe2aGayfnchQmkAojaWAREOIA==",
      "dev": true,
      "license": "BSD-3-Clause",
      "dependencies": {
        "@types/trusted-types": "^2.0.2"
      }
    },
    "node_modules/lodash-es": {
      "version": "4.18.1",
      "resolved": "https://registry.npmjs.org/lodash-es/-/lodash-es-4.18.1.tgz",
      "integrity": "sha512-J8xewKD/Gk22OZbhpOVSwcs60zhd95ESDwezOFuA3/099925PdHJ7OFHNTGtajL3AlZkykD32HykiMo+BIBI8A==",
      "dev": true,
      "license": "MIT"
    },
    "node_modules/mnemonist": {
      "version": "0.38.3",
      "resolved": "https://registry.npmjs.org/mnemonist/-/mnemonist-0.38.3.tgz",
      "integrity": "sha512-2K9QYubXx/NAjv4VLq1d1Ly8pWNC5L3BrixtdkyTegXWJIqY+zLNDhhX/A+ZwWt70tB1S8H4BE8FLYEFyNoOBw==",
      "license": "MIT",
      "dependencies": {
        "obliterator": "^1.6.1"
      }
    },
    "node_modules/obliterator": {
      "version": "1.6.1",
      "resolved": "https://registry.npmjs.org/obliterator/-/obliterator-1.6.1.tgz",
      "integrity": "sha512-9WXswnqINnnhOG/5SLimUlzuU1hFJUc8zkwyD59Sd+dPOMf05PmnYG/d6Q7HZ+KmgkZJa1PxRso6QdM3sTNHig==",
      "license": "MIT"
    },
    "node_modules/signal-polyfill": {
      "version": "0.2.2",
      "resolved": "https://registry.npmjs.org/signal-polyfill/-/signal-polyfill-0.2.2.tgz",
      "integrity": "sha512-p63Y4Er5/eMQ9RHg0M0Y64NlsQKpiu6MDdhBXpyywRuWiPywhJTpKJ1iB5K2hJEbFZ0BnDS7ZkJ+0AfTuL37Rg==",
      "dev": true,
      "license": "Apache-2.0"
    },
    "node_modules/simple-swizzle": {
      "version": "0.2.4",
      "resolved": "https://registry.npmjs.org/simple-swizzle/-/simple-swizzle-0.2.4.tgz",
      "integrity": "sha512-nAu1WFPQSMNr2Zn9PGSZK9AGn4t/y97lEm+MXTtUDwfP0ksAIX4nO+6ruD9Jwut4C49SB1Ws+fbXsm/yScWOHw==",
      "dev": true,
      "license": "MIT",
      "dependencies": {
        "is-arrayish": "^0.3.1"
      }
    },
    "node_modules/temporal-polyfill": {
      "version": "1.0.5",
      "resolved": "https://registry.npmjs.org/temporal-polyfill/-/temporal-polyfill-1.0.5.tgz",
      "integrity": "sha512-+H/mmY74i6wXCMcjIhGuSnODcyZnc4eois2myhOyX0UqRAKNXQY5m9iB1en5jQ/n4SXtjLXo1ElBI5bmn8tZwQ==",
      "dev": true,
      "license": "MIT",
      "dependencies": {
        "temporal-spec": "1.0.1",
        "temporal-utils": "1.0.3"
      }
    },
    "node_modules/temporal-spec": {
      "version": "1.0.1",
      "resolved": "https://registry.npmjs.org/temporal-spec/-/temporal-spec-1.0.1.tgz",
      "integrity": "sha512-wxVoanmDeavXie1vu2JaQ3WIc3JZnWAOYFBsJyATaVsXsycKYUflGsyBmrRSnoCpZJpwPyr38VpgSUlQ8CbFxg==",
      "dev": true,
      "license": "Apache-2.0"
    },
    "node_modules/temporal-utils": {
      "version": "1.0.3",
      "resolved": "https://registry.npmjs.org/temporal-utils/-/temporal-utils-1.0.3.tgz",
      "integrity": "sha512-9jbTSX3HvkOWvDpNpFzwX/d1mkCrgQgwLmVTOEiuocZGKHsrQJtttGZFmybJ2zYP5zCSZuU5ZyeS8+eOEPABiQ==",
      "dev": true,
      "license": "MIT"
    },
    "node_modules/tslib": {
      "version": "2.8.1",
      "resolved": "https://registry.npmjs.org/tslib/-/tslib-2.8.1.tgz",
      "integrity": "sha512-oJFu94HQb+KVduSUQL7wnpmqnfmLsOA/nAh6b6EH0wCEoK0/mPeXU6c3wKDV83MkOuHPRHtSXKKU99IBazS/2w==",
      "license": "0BSD"
    },
    "node_modules/typescript": {
      "version": "5.9.3",
      "resolved": "https://registry.npmjs.org/typescript/-/typescript-5.9.3.tgz",
      "integrity": "sha512-jl1vZzPDinLr9eUt3J/t7V6FgNEw9QjvBPdysz9KfQDD41fQrC2Y4vKQdiaUpFT4bXlb1RHhLpp8wtm6M5TgSw==",
      "dev": true,
      "license": "Apache-2.0",
      "bin": {
        "tsc": "bin/tsc",
        "tsserver": "bin/tsserver"
      },
      "engines": {
        "node": ">=14.17"
      }
    },
    "node_modules/undici-types": {
      "version": "6.21.0",
      "resolved": "https://registry.npmjs.org/undici-types/-/undici-types-6.21.0.tgz",
      "integrity": "sha512-iwDZqg0QAGrg9Rav5H4n0M64c3mkR59cJ6wQp+7C4nI0gsmExaedaYLNO44eT4AtBBwjbTiGPMlt2Md0T9H9JQ==",
      "dev": true,
      "license": "MIT"
    },
    "node_modules/ws": {
      "version": "8.21.3",
      "resolved": "https://registry.npmjs.org/ws/-/ws-8.21.3.tgz",
      "integrity": "sha512-201TZ/kPWxoPr/OKWjquZR1SWKXcvxdH+e1xrx89b3YbmzLMFCLfnaG1HFIgWzJOEWZ7MvpK++odZufgYR50Rw==",
      "license": "MIT",
      "engines": {
        "node": ">=10.0.0"
      },
      "peerDependencies": {
        "bufferutil": "^4.0.1",
        "utf-8-validate": ">=5.0.2"
      },
      "peerDependenciesMeta": {
        "bufferutil": {
          "optional": true
        },
        "utf-8-validate": {
          "optional": true
        }
      }
    }
  }
}
